
Microsoft Visual Studio Solution File, Format Version 12.00
# Visual Studio Version 17
VisualStudioVersion = 17.0.31903.59
MinimumVisualStudioVersion = 10.0.40219.1
Project("{2150E333-8FDC-42A3-9474-1A3956D46DE8}") = "src", "src", "{827E0CD3-B72D-47B6-A68D-7590B98EB39B}"
EndProject
Project("{2150E333-8FDC-42A3-9474-1A3956D46DE8}") = "Services", "Services", "{984BB9B3-3FA3-BE33-9484-CAC21695A33C}"
	ProjectSection(SolutionItems) = preProject
	EndProjectSection
EndProject
Project("{2150E333-8FDC-42A3-9474-1A3956D46DE8}") = "Shared", "Shared", "{35B755F2-BDC0-4017-B56D-19344420EDC2}"
EndProject
Project("{FAE04EC0-301F-11D3-BF4B-00C04F79EFBC}") = "MoneyBee.Shared", "src\Shared\MoneyBee.Shared\MoneyBee.Shared.csproj", "{D37CFB6E-4A5E-4E77-9626-B5A94F93ED21}"
EndProject
Project("{2150E333-8FDC-42A3-9474-1A3956D46DE8}") = "MoneyBee.Transfer", "MoneyBee.Transfer", "{4FDE9D32-1199-4C9F-AC41-5BE47DA938C7}"
EndProject
Project("{2150E333-8FDC-42A3-9474-1A3956D46DE8}") = "MoneyBee.Customer", "MoneyBee.Customer", "{205480FA-7081-4A3A-96E6-2EEDFD8DFD84}"
	ProjectSection(SolutionItems) = preProject
	EndProjectSection
EndProject
Project("{FAE04EC0-301F-11D3-BF4B-00C04F79EFBC}") = "MoneyBee.Customer.Infrastructure", "src\Services\MoneyBee.Customer\MoneyBee.Customer.Infrastructure\MoneyBee.Customer.Infrastructure.csproj", "{D388C5DE-53AF-457F-8D36-BD810E355CD3}"
EndProject
Project("{FAE04EC0-301F-11D3-BF4B-00C04F79EFBC}") = "MoneyBee.Customer.API", "src\Services\MoneyBee.Customer\MoneyBee.Customer.API\MoneyBee.Customer.API.csproj", "{8EF82FF8-A8E4-49CC-9BB0-5D6F5DB585D7}"
EndProject
Project("{FAE04EC0-301F-11D3-BF4B-00C04F79EFBC}") = "MoneyBee.Customer.Application", "src\Services\MoneyBee.Customer\MoneyBee.Customer.Application\MoneyBee.Customer.Application.csproj", "{128F28A4-4386-4846-9BB5-7ACA3F79D59E}"
EndProject
Project("{FAE04EC0-301F-11D3-BF4B-00C04F79EFBC}") = "MoneyBee.Customer.Domain", "src\Services\MoneyBee.Customer\MoneyBee.Customer.Domain\MoneyBee.Customer.Domain.csproj", "{52971B9B-C2D0-4D7C-86AF-7872DFC77B39}"
EndProject
Project("{FAE04EC0-301F-11D3-BF4B-00C04F79EFBC}") = "MoneyBee.Transfer.Domain", "src\Services\MoneyBee.Transfer\MoneyBee.Transfer.Domain\MoneyBee.Transfer.Domain.csproj", "{8387C207-C566-494B-B480-72F9B82C2304}"
EndProject
Project("{FAE04EC0-301F-11D3-BF4B-00C04F79EFBC}") = "MoneyBee.Transfer.Infrastructure", "src\Services\MoneyBee.Transfer\MoneyBee.Transfer.Infrastructure\MoneyBee.Transfer.Infrastructure.csproj", "{8AA77815-A080-45A8-8830-6748CB40B76C}"
EndProject
Project("{FAE04EC0-301F-11D3-BF4B-00C04F79EFBC}") = "MoneyBee.Transfer.Application", "src\Services\MoneyBee.Transfer\MoneyBee.Transfer.Application\MoneyBee.Transfer.Application.csproj", "{04AF429A-9AB1-43F9-9A5A-A02F91327FAC}"
EndProject
Project("{FAE04EC0-301F-11D3-BF4B-00C04F79EFBC}") = "MoneyBee.Transfer.API", "src\Services\MoneyBee.Transfer\MoneyBee.Transfer.API\MoneyBee.Transfer.API.csproj", "{48CF8844-D553-470A-8179-C301299E9BE9}"
EndProject
Global
	GlobalSection(SolutionConfigurationPlatforms) = preSolution
		Debug|Any CPU = Debug|Any CPU
		Debug|x64 = Debug|x64
		Debug|x86 = Debug|x86
		Release|Any CPU = Release|Any CPU
		Release|x64 = Release|x64
		Release|x86 = Release|x86
	EndGlobalSection
	GlobalSection(ProjectConfigurationPlatforms) = postSolution
		{D37CFB6E-4A5E-4E77-9626-B5A94F93ED21}.Debug|Any CPU.ActiveCfg = Debug|Any CPU
		{D37CFB6E-4A5E-4E77-9626-B5A94F93ED21}.Debug|Any CPU.Build.0 = Debug|Any CPU
		{D37CFB6E-4A5E-4E77-9626-B5A94F93ED21}.Debug|x64.ActiveCfg = Debug|Any CPU
		{D37CFB6E-4A5E-4E77-9626-B5A94F93ED21}.Debug|x64.Build.0 = Debug|Any CPU
		{D37CFB6E-4A5E-4E77-9626-B5A94F93ED21}.Debug|x86.ActiveCfg = Debug|Any CPU
		{D37CFB6E-4A5E-4E77-9626-B5A94F93ED21}.Debug|x86.Build.0 = Debug|Any CPU
		{D37CFB6E-4A5E-4E77-9626-B5A94F93ED21}.Release|Any CPU.ActiveCfg = Release|Any CPU
		{D37CFB6E-4A5E-4E77-9626-B5A94F93ED21}.Release|Any CPU.Build.0 = Release|Any CPU
		{D37CFB6E-4A5E-4E77-9626-B5A94F93ED21}.Release|x64.ActiveCfg = Release|Any CPU
		{D37CFB6E-4A5E-4E77-9626-B5A94F93ED21}.Release|x64.Build.0 = Release|Any CPU
		{D37CFB6E-4A5E-4E77-9626-B5A94F93ED21}.Release|x86.ActiveCfg = Release|Any CPU
		{D37CFB6E-4A5E-4E77-9626-B5A94F93ED21}.Release|x86.Build.0 = Release|Any CPU
		{D388C5DE-53AF-457F-8D36-BD810E355CD3}.Debug|Any CPU.ActiveCfg = Debug|Any CPU
		{D388C5DE-53AF-457F-8D36-BD810E355CD3}.Debug|Any CPU.Build.0 = Debug|Any CPU
		{D388C5DE-53AF-457F-8D36-BD810E355CD3}.Debug|x64.ActiveCfg = Debug|Any CPU
		{D388C5DE-53AF-457F-8D36-BD810E355CD3}.Debug|x64.Build.0 = Debug|Any CPU
		{D388C5DE-53AF-457F-8D36-BD810E355CD3}.Debug|x86.ActiveCfg = Debug|Any CPU
		{D388C5DE-53AF-457F-8D36-BD810E355CD3}.Debug|x86.Build.0 = Debug|Any CPU
		{D388C5DE-53AF-457F-8D36-BD810E355CD3}.Release|Any CPU.ActiveCfg = Release|Any CPU
		{D388C5DE-53AF-457F-8D36-BD810E355CD3}.Release|Any CPU.Build.0 = Release|Any CPU
		{D388C5DE-53AF-457F-8D36-BD810E355CD3}.Release|x64.ActiveCfg = Release|Any CPU
		{D388C5DE-53AF-457F-8D36-BD810E355CD3}.Release|x64.Build.0 = Release|Any CPU
		{D388C5DE-53AF-457F-8D36-BD810E355CD3}.Release|x86.ActiveCfg = Release|Any CPU
		{D388C5DE-53AF-457F-8D36-BD810E355CD3}.Release|x86.Build.0 = Release|Any CPU
		{8EF82FF8-A8E4-49CC-9BB0-5D6F5DB585D7}.Debug|Any CPU.ActiveCfg = Debug|Any CPU
		{8EF82FF8-A8E4-49CC-9BB0-5D6F5DB585D7}.Debug|Any CPU.Build.0 = Debug|Any CPU
		{8EF82FF8-A8E4-49CC-9BB0-5D6F5DB585D7}.Debug|x64.ActiveCfg = Debug|Any CPU
		{8EF82FF8-A8E4-49CC-9BB0-5D6F5DB585D7}.Debug|x64.Build.0 = Debug|Any CPU
		{8EF82FF8-A8E4-49CC-9BB0-5D6F5DB585D7}.Debug|x86.ActiveCfg = Debug|Any CPU
		{8EF82FF8-A8E4-49CC-9BB0-5D6F5DB585D7}.Debug|x86.Build.0 = Debug|Any CPU
		{8EF82FF8-A8E4-49CC-9BB0-5D6F5DB585D7}.Release|Any CPU.ActiveCfg = Release|Any CPU
		{8EF82FF8-A8E4-49CC-9BB0-5D6F5DB585D7}.Release|Any CPU.Build.0 = Release|Any CPU
		{8EF82FF8-A8E4-49CC-9BB0-5D6F5DB585D7}.Release|x64.ActiveCfg = Release|Any CPU
		{8EF82FF8-A8E4-49CC-9BB0-5D6F5DB585D7}.Release|x64.Build.0 = Release|Any CPU
		{8EF82FF8-A8E4-49CC-9BB0-5D6F5DB585D7}.Release|x86.ActiveCfg = Release|Any CPU
		{8EF82FF8-A8E4-49CC-9BB0-5D6F5DB585D7}.Release|x86.Build.0 = Release|Any CPU
		{128F28A4-4386-4846-9BB5-7ACA3F79D59E}.Debug|Any CPU.ActiveCfg = Debug|Any CPU
		{128F28A4-4386-4846-9BB5-7ACA3F79D59E}.Debug|Any CPU.Build.0 = Debug|Any CPU
		{128F28A4-4386-4846-9BB5-7ACA3F79D59E}.Debug|x64.ActiveCfg = Debug|Any CPU
		{128F28A4-4386-4846-9BB5-7ACA3F79D59E}.Debug|x64.Build.0 = Debug|Any CPU
		{128F28A4-4386-4846-9BB5-7ACA3F79D59E}.Debug|x86.ActiveCfg = Debug|Any CPU
		{128F28A4-4386-4846-9BB5-7ACA3F79D59E}.Debug|x86.Build.0 = Debug|Any CPU
		{128F28A4-4386-4846-9BB5-7ACA3F79D59E}.Release|Any CPU.ActiveCfg = Release|Any CPU
		{128F28A4-4386-4846-9BB5-7ACA3F79D59E}.Release|Any CPU.Build.0 = Release|Any CPU
		{128F28A4-4386-4846-9BB5-7ACA3F79D59E}.Release|x64.ActiveCfg = Release|Any CPU
		{128F28A4-4386-4846-9BB5-7ACA3F79D59E}.Release|x64.Build.0 = Release|Any CPU
		{128F28A4-4386-4846-9BB5-7ACA3F79D59E}.Release|x86.ActiveCfg = Release|Any CPU
		{128F28A4-4386-4846-9BB5-7ACA3F79D59E}.Release|x86.Build.0 = Release|Any CPU
		{52971B9B-C2D0-4D7C-86AF-7872DFC77B39}.Debug|Any CPU.ActiveCfg = Debug|Any CPU
		{52971B9B-C2D0-4D7C-86AF-7872DFC77B39}.Debug|Any CPU.Build.0 = Debug|Any CPU
		{52971B9B-C2D0-4D7C-86AF-7872DFC77B39}.Debug|x64.ActiveCfg = Debug|Any CPU
		{52971B9B-C2D0-4D7C-86AF-7872DFC77B39}.Debug|x64.Build.0 = Debug|Any CPU
		{52971B9B-C2D0-4D7C-86AF-7872DFC77B39}.Debug|x86.ActiveCfg = Debug|Any CPU
		{52971B9B-C2D0-4D7C-86AF-7872DFC77B39}.Debug|x86.Build.0 = Debug|Any CPU
		{52971B9B-C2D0-4D7C-86AF-7872DFC77B39}.Release|Any CPU.ActiveCfg = Release|Any CPU
		{52971B9B-C2D0-4D7C-86AF-7872DFC77B39}.Release|Any CPU.Build.0 = Release|Any CPU
		{52971B9B-C2D0-4D7C-86AF-7872DFC77B39}.Release|x64.ActiveCfg = Release|Any CPU
		{52971B9B-C2D0-4D7C-86AF-7872DFC77B39}.Release|x64.Build.0 = Release|Any CPU
		{52971B9B-C2D0-4D7C-86AF-7872DFC77B39}.Release|x86.ActiveCfg = Release|Any CPU
		{52971B9B-C2D0-4D7C-86AF-7872DFC77B39}.Release|x86.Build.0 = Release|Any CPU
		{8387C207-C566-494B-B480-72F9B82C2304}.Debug|Any CPU.ActiveCfg = Debug|Any CPU
		{8387C207-C566-494B-B480-72F9B82C2304}.Debug|Any CPU.Build.0 = Debug|Any CPU
		{8387C207-C566-494B-B480-72F9B82C2304}.Debug|x64.ActiveCfg = Debug|Any CPU
		{8387C207-C566-494B-B480-72F9B82C2304}.Debug|x64.Build.0 = Debug|Any CPU
		{8387C207-C566-494B-B480-72F9B82C2304}.Debug|x86.ActiveCfg = Debug|Any CPU
		{8387C207-C566-494B-B480-72F9B82C2304}.Debug|x86.Build.0 = Debug|Any CPU
		{8387C207-C566-494B-B480-72F9B82C2304}.Release|Any CPU.ActiveCfg = Release|Any CPU
		{8387C207-C566-494B-B480-72F9B82C2304}.Release|Any CPU.Build.0 = Release|Any CPU
		{8387C207-C566-494B-B480-72F9B82C2304}.Release|x64.ActiveCfg = Release|Any CPU
		{8387C207-C566-494B-B480-72F9B82C2304}.Release|x64.Build.0 = Release|Any CPU
		{8387C207-C566-494B-B480-72F9B82C2304}.Release|x86.ActiveCfg = Release|Any CPU
		{8387C207-C566-494B-B480-72F9B82C2304}.Release|x86.Build.0 = Release|Any CPU
		{8AA77815-A080-45A8-8830-6748CB40B76C}.Debug|Any CPU.ActiveCfg = Debug|Any CPU
		{8AA77815-A080-45A8-8830-6748CB40B76C}.Debug|Any CPU.Build.0 = Debug|Any CPU
		{8AA77815-A080-45A8-8830-6748CB40B76C}.Debug|x64.ActiveCfg = Debug|Any CPU
		{8AA77815-A080-45A8-8830-6748CB40B76C}.Debug|x64.Build.0 = Debug|Any CPU
		{8AA77815-A080-45A8-8830-6748CB40B76C}.Debug|x86.ActiveCfg = Debug|Any CPU
		{8AA77815-A080-45A8-8830-6748CB40B76C}.Debug|x86.Build.0 = Debug|Any CPU
		{8AA77815-A080-45A8-8830-6748CB40B76C}.Release|Any CPU.ActiveCfg = Release|Any CPU
		{8AA77815-A080-45A8-8830-6748CB40B76C}.Release|Any CPU.Build.0 = Release|Any CPU
		{8AA77815-A080-45A8-8830-6748CB40B76C}.Release|x64.ActiveCfg = Release|Any CPU
		{8AA77815-A080-45A8-8830-6748CB40B76C}.Release|x64.Build.0 = Release|Any CPU
		{8AA77815-A080-45A8-8830-6748CB40B76C}.Release|x86.ActiveCfg = Release|Any CPU
		{8AA77815-A080-45A8-8830-6748CB40B76C}.Release|x86.Build.0 = Release|Any CPU
		{04AF429A-9AB1-43F9-9A5A-A02F91327FAC}.Debug|Any CPU.ActiveCfg = Debug|Any CPU
		{04AF429A-9AB1-43F9-9A5A-A02F91327FAC}.Debug|Any CPU.Build.0 = Debug|Any CPU
		{04AF429A-9AB1-43F9-9A5A-A02F91327FAC}.Debug|x64.ActiveCfg = Debug|Any CPU
		{04AF429A-9AB1-43F9-9A5A-A02F91327FAC}.Debug|x64.Build.0 = Debug|Any CPU
		{04AF429A-9AB1-43F9-9A5A-A02F91327FAC}.Debug|x86.ActiveCfg = Debug|Any CPU
		{04AF429A-9AB1-43F9-9A5A-A02F91327FAC}.Debug|x86.Build.0 = Debug|Any CPU
		{04AF429A-9AB1-43F9-9A5A-A02F91327FAC}.Release|Any CPU.ActiveCfg = Release|Any CPU
		{04AF429A-9AB1-43F9-9A5A-A02F91327FAC}.Release|Any CPU.Build.0 = Release|Any CPU
		{04AF429A-9AB1-43F9-9A5A-A02F91327FAC}.Release|x64.ActiveCfg = Release|Any CPU
		{04AF429A-9AB1-43F9-9A5A-A02F91327FAC}.Release|x64.Build.0 = Release|Any CPU
		{04AF429A-9AB1-43F9-9A5A-A02F91327FAC}.Release|x86.ActiveCfg = Release|Any CPU
		{04AF429A-9AB1-43F9-9A5A-A02F91327FAC}.Release|x86.Build.0 = Release|Any CPU
		{48CF8844-D553-470A-8179-C301299E9BE9}.Debug|Any CPU.ActiveCfg = Debug|Any CPU
		{48CF8844-D553-470A-8179-C301299E9BE9}.Debug|Any CPU.Build.0 = Debug|Any CPU
		{48CF8844-D553-470A-8179-C301299E9BE9}.Debug|x64.ActiveCfg = Debug|Any CPU
		{48CF8844-D553-470A-8179-C301299E9BE9}.Debug|x64.Build.0 = Debug|Any CPU
		{48CF8844-D553-470A-8179-C301299E9BE9}.Debug|x86.ActiveCfg = Debug|Any CPU
		{48CF8844-D553-470A-8179-C301299E9BE9}.Debug|x86.Build.0 = Debug|Any CPU
		{48CF8844-D553-470A-8179-C301299E9BE9}.Release|Any CPU.ActiveCfg = Release|Any CPU
		{48CF8844-D553-470A-8179-C301299E9BE9}.Release|Any CPU.Build.0 = Release|Any CPU
		{48CF8844-D553-470A-8179-C301299E9BE9}.Release|x64.ActiveCfg = Release|Any CPU
		{48CF8844-D553-470A-8179-C301299E9BE9}.Release|x64.Build.0 = Release|Any CPU
		{48CF8844-D553-470A-8179-C301299E9BE9}.Release|x86.ActiveCfg = Release|Any CPU
		{48CF8844-D553-470A-8179-C301299E9BE9}.Release|x86.Build.0 = Release|Any CPU
	EndGlobalSection
	GlobalSection(SolutionProperties) = preSolution
		HideSolutionNode = FALSE
	EndGlobalSection
	GlobalSection(NestedProjects) = preSolution
		{4FDE9D32-1199-4C9F-AC41-5BE47DA938C7} = {984BB9B3-3FA3-BE33-9484-CAC21695A33C}
		{984BB9B3-3FA3-BE33-9484-CAC21695A33C} = {827E0CD3-B72D-47B6-A68D-7590B98EB39B}
		{35B755F2-BDC0-4017-B56D-19344420EDC2} = {827E0CD3-B72D-47B6-A68D-7590B98EB39B}
		{D37CFB6E-4A5E-4E77-9626-B5A94F93ED21} = {35B755F2-BDC0-4017-B56D-19344420EDC2}
		{205480FA-7081-4A3A-96E6-2EEDFD8DFD84} = {984BB9B3-3FA3-BE33-9484-CAC21695A33C}
		{D388C5DE-53AF-457F-8D36-BD810E355CD3} = {205480FA-7081-4A3A-96E6-2EEDFD8DFD84}
		{8EF82FF8-A8E4-49CC-9BB0-5D6F5DB585D7} = {205480FA-7081-4A3A-96E6-2EEDFD8DFD84}
		{128F28A4-4386-4846-9BB5-7ACA3F79D59E} = {205480FA-7081-4A3A-96E6-2EEDFD8DFD84}
		{52971B9B-C2D0-4D7C-86AF-7872DFC77B39} = {205480FA-7081-4A3A-96E6-2EEDFD8DFD84}
		{8387C207-C566-494B-B480-72F9B82C2304} = {4FDE9D32-1199-4C9F-AC41-5BE47DA938C7}
		{8AA77815-A080-45A8-8830-6748CB40B76C} = {4FDE9D32-1199-4C9F-AC41-5BE47DA938C7}
		{04AF429A-9AB1-43F9-9A5A-A02F91327FAC} = {4FDE9D32-1199-4C9F-AC41-5BE47DA938C7}
		{48CF8844-D553-470A-8179-C301299E9BE9} = {4FDE9D32-1199-4C9F-AC41-5BE47DA938C7}
	EndGlobalSection
EndGlobal
